
Microsoft Visual Studio Solution File, Format Version 12.00
Project("{FAE04EC0-301F-11D3-BF4B-00C04F79EFBC}") = "WebApplication1", "WebApplication1\WebApplication1.csproj", "{10F10352-82AF-4826-B5CB-736930BDF0AB}"
EndProject
Global
	GlobalSection(SolutionConfigurationPlatforms) = preSolution
		Debug|Any CPU = Debug|Any CPU
		Release|Any CPU = Release|Any CPU
	EndGlobalSection
	GlobalSection(ProjectConfigurationPlatforms) = postSolution
		{10F10352-82AF-4826-B5CB-736930BDF0AB}.Debug|Any CPU.ActiveCfg = Debug|Any CPU
		{10F10352-82AF-4826-B5CB-736930BDF0AB}.Debug|Any CPU.Build.0 = Debug|Any CPU
		{10F10352-82AF-4826-B5CB-736930BDF0AB}.Release|Any CPU.ActiveCfg = Release|Any CPU
		{10F10352-82AF-4826-B5CB-736930BDF0AB}.Release|Any CPU.Build.0 = Release|Any CPU
	EndGlobalSection
EndGlobal
